
Microsoft Visual Studio Solution File, Format Version 12.00
Project("{FAE04EC0-301F-11D3-BF4B-00C04F79EFBC}") = "DatingApp", "DatingApp\DatingApp.csproj", "{F599E55A-9362-4F78-9D5E-8E098A0810EC}"
EndProject
Global
	GlobalSection(SolutionConfigurationPlatforms) = preSolution
		Debug|Any CPU = Debug|Any CPU
		Release|Any CPU = Release|Any CPU
	EndGlobalSection
	GlobalSection(ProjectConfigurationPlatforms) = postSolution
		{F599E55A-9362-4F78-9D5E-8E098A0810EC}.Debug|Any CPU.ActiveCfg = Debug|Any CPU
		{F599E55A-9362-4F78-9D5E-8E098A0810EC}.Debug|Any CPU.Build.0 = Debug|Any CPU
		{F599E55A-9362-4F78-9D5E-8E098A0810EC}.Release|Any CPU.ActiveCfg = Release|Any CPU
		{F599E55A-9362-4F78-9D5E-8E098A0810EC}.Release|Any CPU.Build.0 = Release|Any CPU
	EndGlobalSection
EndGlobal
